// !$*UTF8*$!
{
	archiveVersion = 1;
	classes = {
	};
	objectVersion = 56;
	objects = {

/* Begin PBXBuildFile section */
		4F81F44B2A9998A900700E7D /* AppDelegate.swift in Sources */ = {isa = PBXBuildFile; fileRef = 4F81F44A2A9998A900700E7D /* AppDelegate.swift */; };
		4F81F44F2A9998AA00700E7D /* Assets.xcassets in Resources */ = {isa = PBXBuildFile; fileRef = 4F81F44E2A9998AA00700E7D /* Assets.xcassets */; };
		4F81F45A2A999B1A00700E7D /* CustomizeDockIconWindowController.swift in Sources */ = {isa = PBXBuildFile; fileRef = 4F81F4592A999B1A00700E7D /* CustomizeDockIconWindowController.swift */; };
		4FC402DA2A99B9040061F9F0 /* Main.storyboard in Resources */ = {isa = PBXBuildFile; fileRef = 4FC402D92A99B9040061F9F0 /* Main.storyboard */; };
		4FC402DC2A99B99A0061F9F0 /* CustomizeDockIconWindow.swift in Sources */ = {isa = PBXBuildFile; fileRef = 4FC402DB2A99B99A0061F9F0 /* CustomizeDockIconWindow.swift */; };
		4FC402DE2A99BC650061F9F0 /* DockIconContentView.swift in Sources */ = {isa = PBXBuildFile; fileRef = 4FC402DD2A99BC650061F9F0 /* DockIconContentView.swift */; };
		4FC403082A99DEF60061F9F0 /* GifLoopConverter.swift in Sources */ = {isa = PBXBuildFile; fileRef = 4FC403072A99DEF60061F9F0 /* GifLoopConverter.swift */; };
		4FC4030B2A99E39E0061F9F0 /* CustomizeDockIconViewController.swift in Sources */ = {isa = PBXBuildFile; fileRef = 4FC403092A99E39E0061F9F0 /* CustomizeDockIconViewController.swift */; };
		4FC4030C2A99E39E0061F9F0 /* CustomizeDockIconViewController.xib in Resources */ = {isa = PBXBuildFile; fileRef = 4FC4030A2A99E39E0061F9F0 /* CustomizeDockIconViewController.xib */; };
		4FC4030E2A99E8B70061F9F0 /* FileSelectionManager.swift in Sources */ = {isa = PBXBuildFile; fileRef = 4FC4030D2A99E8B70061F9F0 /* FileSelectionManager.swift */; };
		4FC403102A99F3B00061F9F0 /* GridBackgroundView.swift in Sources */ = {isa = PBXBuildFile; fileRef = 4FC4030F2A99F3B00061F9F0 /* GridBackgroundView.swift */; };
		4FC4031E2A9A262F0061F9F0 /* CGImage+.swift in Sources */ = {isa = PBXBuildFile; fileRef = 4FC4031D2A9A262F0061F9F0 /* CGImage+.swift */; };
		4FC403202A9A26780061F9F0 /* NSImage+.swift in Sources */ = {isa = PBXBuildFile; fileRef = 4FC4031F2A9A26780061F9F0 /* NSImage+.swift */; };
		4FC403222A9A2BE90061F9F0 /* dock-animation.gif in Resources */ = {isa = PBXBuildFile; fileRef = 4FC403212A9A2BE90061F9F0 /* dock-animation.gif */; };
		4FC403262A9A465C0061F9F0 /* UserDefaults+.swift in Sources */ = {isa = PBXBuildFile; fileRef = 4FC403252A9A465C0061F9F0 /* UserDefaults+.swift */; };
		4FC403282A9A4A230061F9F0 /* GifDataRepository.swift in Sources */ = {isa = PBXBuildFile; fileRef = 4FC403272A9A4A230061F9F0 /* GifDataRepository.swift */; };
		4FC403492A9AE0470061F9F0 /* CustomizeDockIconState.swift in Sources */ = {isa = PBXBuildFile; fileRef = 4FC403482A9AE0470061F9F0 /* CustomizeDockIconState.swift */; };
		4FC4034B2A9AE29C0061F9F0 /* CustomizeDockIconStore.swift in Sources */ = {isa = PBXBuildFile; fileRef = 4FC4034A2A9AE29C0061F9F0 /* CustomizeDockIconStore.swift */; };
		4FC4034D2A9AE36B0061F9F0 /* CustomizeDockIconModuleContainer.swift in Sources */ = {isa = PBXBuildFile; fileRef = 4FC4034C2A9AE36B0061F9F0 /* CustomizeDockIconModuleContainer.swift */; };
		4FC4034F2A9AEE9F0061F9F0 /* CustomizeDockIconModulesManager.swift in Sources */ = {isa = PBXBuildFile; fileRef = 4FC4034E2A9AEE9F0061F9F0 /* CustomizeDockIconModulesManager.swift */; };
		4FC403512A9AFBA50061F9F0 /* LogPrint.swift in Sources */ = {isa = PBXBuildFile; fileRef = 4FC403502A9AFBA50061F9F0 /* LogPrint.swift */; };
		4FC403542A9AFE280061F9F0 /* NotDefinedBundleIdError.swift in Sources */ = {isa = PBXBuildFile; fileRef = 4FC403532A9AFE280061F9F0 /* NotDefinedBundleIdError.swift */; };
		4FC403562A9AFEF90061F9F0 /* GifFormatError.swift in Sources */ = {isa = PBXBuildFile; fileRef = 4FC403552A9AFEF90061F9F0 /* GifFormatError.swift */; };
		4FD1265B2A9B068200B931EF /* LaunchAtLogin in Frameworks */ = {isa = PBXBuildFile; productRef = 4FD1265A2A9B068200B931EF /* LaunchAtLogin */; };
		4FD1266D2A9C228500B931EF /* DockListView.swift in Sources */ = {isa = PBXBuildFile; fileRef = 4FD1266C2A9C228500B931EF /* DockListView.swift */; };
		4FD126702A9C304900B931EF /* MainView.swift in Sources */ = {isa = PBXBuildFile; fileRef = 4FD1266F2A9C304900B931EF /* MainView.swift */; };
		4FD126732A9C329200B931EF /* SettingView.swift in Sources */ = {isa = PBXBuildFile; fileRef = 4FD126722A9C329200B931EF /* SettingView.swift */; };
		4FD126762A9C32A100B931EF /* AboutView.swift in Sources */ = {isa = PBXBuildFile; fileRef = 4FD126752A9C32A100B931EF /* AboutView.swift */; };
		4FD126782A9C332900B931EF /* ApplicationName.swift in Sources */ = {isa = PBXBuildFile; fileRef = 4FD126772A9C332900B931EF /* ApplicationName.swift */; };
		4FD1267A2A9C33BA00B931EF /* MainWindowController.swift in Sources */ = {isa = PBXBuildFile; fileRef = 4FD126792A9C33BA00B931EF /* MainWindowController.swift */; };
		4FD1267C2A9C33CB00B931EF /* MainWindow.swift in Sources */ = {isa = PBXBuildFile; fileRef = 4FD1267B2A9C33CB00B931EF /* MainWindow.swift */; };
		4FD126832A9C3E4200B931EF /* AppColor.swift in Sources */ = {isa = PBXBuildFile; fileRef = 4FD126822A9C3E4200B931EF /* AppColor.swift */; };
		4FD126852A9C3E8A00B931EF /* NSColor+.swift in Sources */ = {isa = PBXBuildFile; fileRef = 4FD126842A9C3E8A00B931EF /* NSColor+.swift */; };
		4FD126872A9C3F6D00B931EF /* AppText.swift in Sources */ = {isa = PBXBuildFile; fileRef = 4FD126862A9C3F6D00B931EF /* AppText.swift */; };
		4FD126892A9C528E00B931EF /* DockIconContentRepresentableView.swift in Sources */ = {isa = PBXBuildFile; fileRef = 4FD126882A9C528E00B931EF /* DockIconContentRepresentableView.swift */; };
		4FD1268B2A9C890B00B931EF /* AntialiasedImageView.swift in Sources */ = {isa = PBXBuildFile; fileRef = 4FD1268A2A9C890B00B931EF /* AntialiasedImageView.swift */; };
		4FD1268D2A9C9A5400B931EF /* DockListController.swift in Sources */ = {isa = PBXBuildFile; fileRef = 4FD1268C2A9C9A5400B931EF /* DockListController.swift */; };
		4FD1268F2A9CA5E800B931EF /* SavedDockTileInfo.swift in Sources */ = {isa = PBXBuildFile; fileRef = 4FD1268E2A9CA5E800B931EF /* SavedDockTileInfo.swift */; };
		4FD126912A9CD4CF00B931EF /* DockTileInfoRepository.swift in Sources */ = {isa = PBXBuildFile; fileRef = 4FD126902A9CD4CF00B931EF /* DockTileInfoRepository.swift */; };
		4FD126932A9CDCF800B931EF /* FileUtil.swift in Sources */ = {isa = PBXBuildFile; fileRef = 4FD126922A9CDCF800B931EF /* FileUtil.swift */; };
/* End PBXBuildFile section */

/* Begin PBXFileReference section */
		4F81F4472A9998A900700E7D /* YourDock.app */ = {isa = PBXFileReference; explicitFileType = wrapper.application; includeInIndex = 0; path = YourDock.app; sourceTree = BUILT_PRODUCTS_DIR; };
		4F81F44A2A9998A900700E7D /* AppDelegate.swift */ = {isa = PBXFileReference; lastKnownFileType = sourcecode.swift; path = AppDelegate.swift; sourceTree = "<group>"; };
		4F81F44E2A9998AA00700E7D /* Assets.xcassets */ = {isa = PBXFileReference; lastKnownFileType = folder.assetcatalog; path = Assets.xcassets; sourceTree = "<group>"; };
		4F81F4532A9998AA00700E7D /* YourDock.entitlements */ = {isa = PBXFileReference; lastKnownFileType = text.plist.entitlements; path = YourDock.entitlements; sourceTree = "<group>"; };
		4F81F4592A999B1A00700E7D /* CustomizeDockIconWindowController.swift */ = {isa = PBXFileReference; lastKnownFileType = sourcecode.swift; path = CustomizeDockIconWindowController.swift; sourceTree = "<group>"; };
		4F81F4632A99B81700700E7D /* Info.plist */ = {isa = PBXFileReference; lastKnownFileType = text.plist; path = Info.plist; sourceTree = "<group>"; };
		4FC402D92A99B9040061F9F0 /* Main.storyboard */ = {isa = PBXFileReference; fileEncoding = 4; lastKnownFileType = file.storyboard; path = Main.storyboard; sourceTree = "<group>"; };
		4FC402DB2A99B99A0061F9F0 /* CustomizeDockIconWindow.swift */ = {isa = PBXFileReference; lastKnownFileType = sourcecode.swift; path = CustomizeDockIconWindow.swift; sourceTree = "<group>"; };
		4FC402DD2A99BC650061F9F0 /* DockIconContentView.swift */ = {isa = PBXFileReference; lastKnownFileType = sourcecode.swift; path = DockIconContentView.swift; sourceTree = "<group>"; };
		4FC403072A99DEF60061F9F0 /* GifLoopConverter.swift */ = {isa = PBXFileReference; lastKnownFileType = sourcecode.swift; path = GifLoopConverter.swift; sourceTree = "<group>"; };
		4FC403092A99E39E0061F9F0 /* CustomizeDockIconViewController.swift */ = {isa = PBXFileReference; lastKnownFileType = sourcecode.swift; path = CustomizeDockIconViewController.swift; sourceTree = "<group>"; };
		4FC4030A2A99E39E0061F9F0 /* CustomizeDockIconViewController.xib */ = {isa = PBXFileReference; lastKnownFileType = file.xib; path = CustomizeDockIconViewController.xib; sourceTree = "<group>"; };
		4FC4030D2A99E8B70061F9F0 /* FileSelectionManager.swift */ = {isa = PBXFileReference; lastKnownFileType = sourcecode.swift; path = FileSelectionManager.swift; sourceTree = "<group>"; };
		4FC4030F2A99F3B00061F9F0 /* GridBackgroundView.swift */ = {isa = PBXFileReference; lastKnownFileType = sourcecode.swift; path = GridBackgroundView.swift; sourceTree = "<group>"; };
		4FC4031D2A9A262F0061F9F0 /* CGImage+.swift */ = {isa = PBXFileReference; lastKnownFileType = sourcecode.swift; path = "CGImage+.swift"; sourceTree = "<group>"; };
		4FC4031F2A9A26780061F9F0 /* NSImage+.swift */ = {isa = PBXFileReference; lastKnownFileType = sourcecode.swift; path = "NSImage+.swift"; sourceTree = "<group>"; };
		4FC403212A9A2BE90061F9F0 /* dock-animation.gif */ = {isa = PBXFileReference; lastKnownFileType = image.gif; path = "dock-animation.gif"; sourceTree = "<group>"; };
		4FC403252A9A465C0061F9F0 /* UserDefaults+.swift */ = {isa = PBXFileReference; lastKnownFileType = sourcecode.swift; path = "UserDefaults+.swift"; sourceTree = "<group>"; };
		4FC403272A9A4A230061F9F0 /* GifDataRepository.swift */ = {isa = PBXFileReference; lastKnownFileType = sourcecode.swift; path = GifDataRepository.swift; sourceTree = "<group>"; };
		4FC403482A9AE0470061F9F0 /* CustomizeDockIconState.swift */ = {isa = PBXFileReference; lastKnownFileType = sourcecode.swift; path = CustomizeDockIconState.swift; sourceTree = "<group>"; };
		4FC4034A2A9AE29C0061F9F0 /* CustomizeDockIconStore.swift */ = {isa = PBXFileReference; lastKnownFileType = sourcecode.swift; path = CustomizeDockIconStore.swift; sourceTree = "<group>"; };
		4FC4034C2A9AE36B0061F9F0 /* CustomizeDockIconModuleContainer.swift */ = {isa = PBXFileReference; lastKnownFileType = sourcecode.swift; path = CustomizeDockIconModuleContainer.swift; sourceTree = "<group>"; };
		4FC4034E2A9AEE9F0061F9F0 /* CustomizeDockIconModulesManager.swift */ = {isa = PBXFileReference; lastKnownFileType = sourcecode.swift; path = CustomizeDockIconModulesManager.swift; sourceTree = "<group>"; };
		4FC403502A9AFBA50061F9F0 /* LogPrint.swift */ = {isa = PBXFileReference; lastKnownFileType = sourcecode.swift; path = LogPrint.swift; sourceTree = "<group>"; };
		4FC403532A9AFE280061F9F0 /* NotDefinedBundleIdError.swift */ = {isa = PBXFileReference; lastKnownFileType = sourcecode.swift; path = NotDefinedBundleIdError.swift; sourceTree = "<group>"; };
		4FC403552A9AFEF90061F9F0 /* GifFormatError.swift */ = {isa = PBXFileReference; lastKnownFileType = sourcecode.swift; path = GifFormatError.swift; sourceTree = "<group>"; };
		4FD1266C2A9C228500B931EF /* DockListView.swift */ = {isa = PBXFileReference; lastKnownFileType = sourcecode.swift; path = DockListView.swift; sourceTree = "<group>"; };
		4FD1266F2A9C304900B931EF /* MainView.swift */ = {isa = PBXFileReference; lastKnownFileType = sourcecode.swift; path = MainView.swift; sourceTree = "<group>"; };
		4FD126722A9C329200B931EF /* SettingView.swift */ = {isa = PBXFileReference; lastKnownFileType = sourcecode.swift; path = SettingView.swift; sourceTree = "<group>"; };
		4FD126752A9C32A100B931EF /* AboutView.swift */ = {isa = PBXFileReference; lastKnownFileType = sourcecode.swift; path = AboutView.swift; sourceTree = "<group>"; };
		4FD126772A9C332900B931EF /* ApplicationName.swift */ = {isa = PBXFileReference; lastKnownFileType = sourcecode.swift; path = ApplicationName.swift; sourceTree = "<group>"; };
		4FD126792A9C33BA00B931EF /* MainWindowController.swift */ = {isa = PBXFileReference; lastKnownFileType = sourcecode.swift; path = MainWindowController.swift; sourceTree = "<group>"; };
		4FD1267B2A9C33CB00B931EF /* MainWindow.swift */ = {isa = PBXFileReference; lastKnownFileType = sourcecode.swift; path = MainWindow.swift; sourceTree = "<group>"; };
		4FD126822A9C3E4200B931EF /* AppColor.swift */ = {isa = PBXFileReference; lastKnownFileType = sourcecode.swift; path = AppColor.swift; sourceTree = "<group>"; };
		4FD126842A9C3E8A00B931EF /* NSColor+.swift */ = {isa = PBXFileReference; lastKnownFileType = sourcecode.swift; path = "NSColor+.swift"; sourceTree = "<group>"; };
		4FD126862A9C3F6D00B931EF /* AppText.swift */ = {isa = PBXFileReference; lastKnownFileType = sourcecode.swift; path = AppText.swift; sourceTree = "<group>"; };
		4FD126882A9C528E00B931EF /* DockIconContentRepresentableView.swift */ = {isa = PBXFileReference; lastKnownFileType = sourcecode.swift; path = DockIconContentRepresentableView.swift; sourceTree = "<group>"; };
		4FD1268A2A9C890B00B931EF /* AntialiasedImageView.swift */ = {isa = PBXFileReference; lastKnownFileType = sourcecode.swift; path = AntialiasedImageView.swift; sourceTree = "<group>"; };
		4FD1268C2A9C9A5400B931EF /* DockListController.swift */ = {isa = PBXFileReference; lastKnownFileType = sourcecode.swift; path = DockListController.swift; sourceTree = "<group>"; };
		4FD1268E2A9CA5E800B931EF /* SavedDockTileInfo.swift */ = {isa = PBXFileReference; lastKnownFileType = sourcecode.swift; path = SavedDockTileInfo.swift; sourceTree = "<group>"; };
		4FD126902A9CD4CF00B931EF /* DockTileInfoRepository.swift */ = {isa = PBXFileReference; lastKnownFileType = sourcecode.swift; path = DockTileInfoRepository.swift; sourceTree = "<group>"; };
		4FD126922A9CDCF800B931EF /* FileUtil.swift */ = {isa = PBXFileReference; lastKnownFileType = sourcecode.swift; path = FileUtil.swift; sourceTree = "<group>"; };
/* End PBXFileReference section */

/* Begin PBXFrameworksBuildPhase section */
		4F81F4442A9998A900700E7D /* Frameworks */ = {
			isa = PBXFrameworksBuildPhase;
			buildActionMask = 2147483647;
			files = (
				4FD1265B2A9B068200B931EF /* LaunchAtLogin in Frameworks */,
			);
			runOnlyForDeploymentPostprocessing = 0;
		};
/* End PBXFrameworksBuildPhase section */

/* Begin PBXGroup section */
		4F81F43E2A9998A900700E7D = {
			isa = PBXGroup;
			children = (
				4F81F4492A9998A900700E7D /* YourDock */,
				4F81F4482A9998A900700E7D /* Products */,
			);
			sourceTree = "<group>";
		};
		4F81F4482A9998A900700E7D /* Products */ = {
			isa = PBXGroup;
			children = (
				4F81F4472A9998A900700E7D /* YourDock.app */,
			);
			name = Products;
			sourceTree = "<group>";
		};
		4F81F4492A9998A900700E7D /* YourDock */ = {
			isa = PBXGroup;
			children = (
				4FD1267F2A9C3D7C00B931EF /* Asset */,
				4FC403522A9AFE1D0061F9F0 /* Entity */,
				4FC403442A9ADDD20061F9F0 /* BundleAssets */,
				4FC403472A9ADE0D0061F9F0 /* Repository */,
				4FC403462A9ADDFD0061F9F0 /* Util */,
				4FD1265E2A9B081600B931EF /* Module */,
				4F81F44A2A9998A900700E7D /* AppDelegate.swift */,
				4F81F44E2A9998AA00700E7D /* Assets.xcassets */,
				4F81F4632A99B81700700E7D /* Info.plist */,
				4F81F4532A9998AA00700E7D /* YourDock.entitlements */,
				4FC402D92A99B9040061F9F0 /* Main.storyboard */,
			);
			path = YourDock;
			sourceTree = "<group>";
		};
		4FC403442A9ADDD20061F9F0 /* BundleAssets */ = {
			isa = PBXGroup;
			children = (
				4FC403212A9A2BE90061F9F0 /* dock-animation.gif */,
			);
			path = BundleAssets;
			sourceTree = "<group>";
		};
		4FC403452A9ADDE60061F9F0 /* CustomizeDockIcon */ = {
			isa = PBXGroup;
			children = (
				4F81F4592A999B1A00700E7D /* CustomizeDockIconWindowController.swift */,
				4FC402DB2A99B99A0061F9F0 /* CustomizeDockIconWindow.swift */,
				4FC403092A99E39E0061F9F0 /* CustomizeDockIconViewController.swift */,
				4FC403482A9AE0470061F9F0 /* CustomizeDockIconState.swift */,
				4FC4034A2A9AE29C0061F9F0 /* CustomizeDockIconStore.swift */,
				4FC4030A2A99E39E0061F9F0 /* CustomizeDockIconViewController.xib */,
				4FC402DD2A99BC650061F9F0 /* DockIconContentView.swift */,
				4FD126882A9C528E00B931EF /* DockIconContentRepresentableView.swift */,
				4FC4034C2A9AE36B0061F9F0 /* CustomizeDockIconModuleContainer.swift */,
				4FC4034E2A9AEE9F0061F9F0 /* CustomizeDockIconModulesManager.swift */,
			);
			path = CustomizeDockIcon;
			sourceTree = "<group>";
		};
		4FC403462A9ADDFD0061F9F0 /* Util */ = {
			isa = PBXGroup;
			children = (
				4FC4031D2A9A262F0061F9F0 /* CGImage+.swift */,
				4FC4031F2A9A26780061F9F0 /* NSImage+.swift */,
				4FC403252A9A465C0061F9F0 /* UserDefaults+.swift */,
				4FC4030D2A99E8B70061F9F0 /* FileSelectionManager.swift */,
				4FC403072A99DEF60061F9F0 /* GifLoopConverter.swift */,
				4FC4030F2A99F3B00061F9F0 /* GridBackgroundView.swift */,
				4FC403502A9AFBA50061F9F0 /* LogPrint.swift */,
				4FD126772A9C332900B931EF /* ApplicationName.swift */,
				4FD126842A9C3E8A00B931EF /* NSColor+.swift */,
				4FD1268A2A9C890B00B931EF /* AntialiasedImageView.swift */,
				4FD126922A9CDCF800B931EF /* FileUtil.swift */,
			);
			path = Util;
			sourceTree = "<group>";
		};
		4FC403472A9ADE0D0061F9F0 /* Repository */ = {
			isa = PBXGroup;
			children = (
				4FC403272A9A4A230061F9F0 /* GifDataRepository.swift */,
				4FD126902A9CD4CF00B931EF /* DockTileInfoRepository.swift */,
			);
			path = Repository;
			sourceTree = "<group>";
		};
		4FC403522A9AFE1D0061F9F0 /* Entity */ = {
			isa = PBXGroup;
			children = (
				4FC403532A9AFE280061F9F0 /* NotDefinedBundleIdError.swift */,
				4FC403552A9AFEF90061F9F0 /* GifFormatError.swift */,
				4FD1268E2A9CA5E800B931EF /* SavedDockTileInfo.swift */,
			);
			path = Entity;
			sourceTree = "<group>";
		};
		4FD1265E2A9B081600B931EF /* Module */ = {
			isa = PBXGroup;
			children = (
				4FD1266E2A9C303B00B931EF /* MainWindow */,
				4FC403452A9ADDE60061F9F0 /* CustomizeDockIcon */,
			);
			path = Module;
			sourceTree = "<group>";
		};
		4FD1266B2A9C227400B931EF /* DockList */ = {
			isa = PBXGroup;
			children = (
				4FD1266C2A9C228500B931EF /* DockListView.swift */,
				4FD1268C2A9C9A5400B931EF /* DockListController.swift */,
			);
			path = DockList;
			sourceTree = "<group>";
		};
		4FD1266E2A9C303B00B931EF /* MainWindow */ = {
			isa = PBXGroup;
			children = (
				4FD126742A9C329D00B931EF /* About */,
				4FD126712A9C328C00B931EF /* Setting */,
				4FD1266B2A9C227400B931EF /* DockList */,
				4FD1266F2A9C304900B931EF /* MainView.swift */,
				4FD126792A9C33BA00B931EF /* MainWindowController.swift */,
				4FD1267B2A9C33CB00B931EF /* MainWindow.swift */,
			);
			path = MainWindow;
			sourceTree = "<group>";
		};
		4FD126712A9C328C00B931EF /* Setting */ = {
			isa = PBXGroup;
			children = (
				4FD126722A9C329200B931EF /* SettingView.swift */,
			);
			path = Setting;
			sourceTree = "<group>";
		};
		4FD126742A9C329D00B931EF /* About */ = {
			isa = PBXGroup;
			children = (
				4FD126752A9C32A100B931EF /* AboutView.swift */,
			);
			path = About;
			sourceTree = "<group>";
		};
		4FD1267F2A9C3D7C00B931EF /* Asset */ = {
			isa = PBXGroup;
			children = (
				4FD126822A9C3E4200B931EF /* AppColor.swift */,
				4FD126862A9C3F6D00B931EF /* AppText.swift */,
			);
			path = Asset;
			sourceTree = "<group>";
		};
/* End PBXGroup section */

/* Begin PBXNativeTarget section */
		4F81F4462A9998A900700E7D /* YourDock */ = {
			isa = PBXNativeTarget;
			buildConfigurationList = 4F81F4562A9998AA00700E7D /* Build configuration list for PBXNativeTarget "YourDock" */;
			buildPhases = (
				4F81F4432A9998A900700E7D /* Sources */,
				4F81F4442A9998A900700E7D /* Frameworks */,
				4F81F4452A9998A900700E7D /* Resources */,
				4FD1265C2A9B06AF00B931EF /* Launch at Login Helper */,
			);
			buildRules = (
			);
			dependencies = (
			);
			name = YourDock;
			packageProductDependencies = (
				4FD1265A2A9B068200B931EF /* LaunchAtLogin */,
			);
			productName = YourDockIcon;
			productReference = 4F81F4472A9998A900700E7D /* YourDock.app */;
			productType = "com.apple.product-type.application";
		};
/* End PBXNativeTarget section */

/* Begin PBXProject section */
		4F81F43F2A9998A900700E7D /* Project object */ = {
			isa = PBXProject;
			attributes = {
				BuildIndependentTargetsInParallel = 1;
				LastSwiftUpdateCheck = 1430;
				LastUpgradeCheck = 1430;
				TargetAttributes = {
					4F81F4462A9998A900700E7D = {
						CreatedOnToolsVersion = 14.3.1;
					};
				};
			};
			buildConfigurationList = 4F81F4422A9998A900700E7D /* Build configuration list for PBXProject "YourDock" */;
			compatibilityVersion = "Xcode 14.0";
			developmentRegion = en;
			hasScannedForEncodings = 0;
			knownRegions = (
				en,
				Base,
			);
			mainGroup = 4F81F43E2A9998A900700E7D;
			packageReferences = (
				4FD126592A9B068200B931EF /* XCRemoteSwiftPackageReference "LaunchAtLogin" */,
			);
			productRefGroup = 4F81F4482A9998A900700E7D /* Products */;
			projectDirPath = "";
			projectRoot = "";
			targets = (
				4F81F4462A9998A900700E7D /* YourDock */,
			);
		};
/* End PBXProject section */

/* Begin PBXResourcesBuildPhase section */
		4F81F4452A9998A900700E7D /* Resources */ = {
			isa = PBXResourcesBuildPhase;
			buildActionMask = 2147483647;
			files = (
				4FC403222A9A2BE90061F9F0 /* dock-animation.gif in Resources */,
				4FC402DA2A99B9040061F9F0 /* Main.storyboard in Resources */,
				4FC4030C2A99E39E0061F9F0 /* CustomizeDockIconViewController.xib in Resources */,
				4F81F44F2A9998AA00700E7D /* Assets.xcassets in Resources */,
			);
			runOnlyForDeploymentPostprocessing = 0;
		};
/* End PBXResourcesBuildPhase section */

/* Begin PBXShellScriptBuildPhase section */
		4FD1265C2A9B06AF00B931EF /* Launch at Login Helper */ = {
			isa = PBXShellScriptBuildPhase;
			alwaysOutOfDate = 1;
			buildActionMask = 2147483647;
			files = (
			);
			inputFileListPaths = (
			);
			inputPaths = (
				"${BUILT_PRODUCTS_DIR}/LaunchAtLogin_LaunchAtLogin.bundle/Contents/Resources/copy-helper-swiftpm.sh",
				"${BUILT_PRODUCTS_DIR}/LaunchAtLogin_LaunchAtLogin.bundle/Contents/Resources/LaunchAtLoginHelper.zip",
				"${BUILT_PRODUCTS_DIR}/LaunchAtLogin_LaunchAtLogin.bundle/Contents/Resources/LaunchAtLoginHelper-with-runtime.zip",
			);
			name = "Launch at Login Helper";
			outputFileListPaths = (
			);
			outputPaths = (
			);
			runOnlyForDeploymentPostprocessing = 0;
			shellPath = /bin/sh;
			shellScript = "# Type a script or drag a script file from your workspace to insert its path.\n\"${BUILT_PRODUCTS_DIR}/LaunchAtLogin_LaunchAtLogin.bundle/Contents/Resources/copy-helper-swiftpm.sh\"\n";
		};
/* End PBXShellScriptBuildPhase section */

/* Begin PBXSourcesBuildPhase section */
		4F81F4432A9998A900700E7D /* Sources */ = {
			isa = PBXSourcesBuildPhase;
			buildActionMask = 2147483647;
			files = (
				4FC403562A9AFEF90061F9F0 /* GifFormatError.swift in Sources */,
				4FC403202A9A26780061F9F0 /* NSImage+.swift in Sources */,
				4FC4030E2A99E8B70061F9F0 /* FileSelectionManager.swift in Sources */,
				4FD126932A9CDCF800B931EF /* FileUtil.swift in Sources */,
				4FC4030B2A99E39E0061F9F0 /* CustomizeDockIconViewController.swift in Sources */,
				4F81F45A2A999B1A00700E7D /* CustomizeDockIconWindowController.swift in Sources */,
				4FD1268B2A9C890B00B931EF /* AntialiasedImageView.swift in Sources */,
				4FC403262A9A465C0061F9F0 /* UserDefaults+.swift in Sources */,
				4FC403542A9AFE280061F9F0 /* NotDefinedBundleIdError.swift in Sources */,
				4FD126832A9C3E4200B931EF /* AppColor.swift in Sources */,
				4F81F44B2A9998A900700E7D /* AppDelegate.swift in Sources */,
				4FC4034D2A9AE36B0061F9F0 /* CustomizeDockIconModuleContainer.swift in Sources */,
				4FC403282A9A4A230061F9F0 /* GifDataRepository.swift in Sources */,
				4FD126782A9C332900B931EF /* ApplicationName.swift in Sources */,
				4FD1268D2A9C9A5400B931EF /* DockListController.swift in Sources */,
				4FD126702A9C304900B931EF /* MainView.swift in Sources */,
				4FD126872A9C3F6D00B931EF /* AppText.swift in Sources */,
				4FD1268F2A9CA5E800B931EF /* SavedDockTileInfo.swift in Sources */,
				4FC403102A99F3B00061F9F0 /* GridBackgroundView.swift in Sources */,
				4FD126912A9CD4CF00B931EF /* DockTileInfoRepository.swift in Sources */,
				4FD126852A9C3E8A00B931EF /* NSColor+.swift in Sources */,
				4FC4034B2A9AE29C0061F9F0 /* CustomizeDockIconStore.swift in Sources */,
				4FC4034F2A9AEE9F0061F9F0 /* CustomizeDockIconModulesManager.swift in Sources */,
				4FD1267A2A9C33BA00B931EF /* MainWindowController.swift in Sources */,
				4FC402DC2A99B99A0061F9F0 /* CustomizeDockIconWindow.swift in Sources */,
				4FD126762A9C32A100B931EF /* AboutView.swift in Sources */,
				4FD1267C2A9C33CB00B931EF /* MainWindow.swift in Sources */,
				4FC403082A99DEF60061F9F0 /* GifLoopConverter.swift in Sources */,
				4FC4031E2A9A262F0061F9F0 /* CGImage+.swift in Sources */,
				4FD126732A9C329200B931EF /* SettingView.swift in Sources */,
				4FC402DE2A99BC650061F9F0 /* DockIconContentView.swift in Sources */,
				4FD1266D2A9C228500B931EF /* DockListView.swift in Sources */,
				4FC403512A9AFBA50061F9F0 /* LogPrint.swift in Sources */,
				4FD126892A9C528E00B931EF /* DockIconContentRepresentableView.swift in Sources */,
				4FC403492A9AE0470061F9F0 /* CustomizeDockIconState.swift in Sources */,
			);
			runOnlyForDeploymentPostprocessing = 0;
		};
/* End PBXSourcesBuildPhase section */

/* Begin XCBuildConfiguration section */
		4F81F4542A9998AA00700E7D /* Debug */ = {
			isa = XCBuildConfiguration;
			buildSettings = {
				ALWAYS_SEARCH_USER_PATHS = NO;
				CLANG_ANALYZER_NONNULL = YES;
				CLANG_ANALYZER_NUMBER_OBJECT_CONVERSION = YES_AGGRESSIVE;
				CLANG_CXX_LANGUAGE_STANDARD = "gnu++20";
				CLANG_ENABLE_MODULES = YES;
				CLANG_ENABLE_OBJC_ARC = YES;
				CLANG_ENABLE_OBJC_WEAK = YES;
				CLANG_WARN_BLOCK_CAPTURE_AUTORELEASING = YES;
				CLANG_WARN_BOOL_CONVERSION = YES;
				CLANG_WARN_COMMA = YES;
				CLANG_WARN_CONSTANT_CONVERSION = YES;
				CLANG_WARN_DEPRECATED_OBJC_IMPLEMENTATIONS = YES;
				CLANG_WARN_DIRECT_OBJC_ISA_USAGE = YES_ERROR;
				CLANG_WARN_DOCUMENTATION_COMMENTS = YES;
				CLANG_WARN_EMPTY_BODY = YES;
				CLANG_WARN_ENUM_CONVERSION = YES;
				CLANG_WARN_INFINITE_RECURSION = YES;
				CLANG_WARN_INT_CONVERSION = YES;
				CLANG_WARN_NON_LITERAL_NULL_CONVERSION = YES;
				CLANG_WARN_OBJC_IMPLICIT_RETAIN_SELF = YES;
				CLANG_WARN_OBJC_LITERAL_CONVERSION = YES;
				CLANG_WARN_OBJC_ROOT_CLASS = YES_ERROR;
				CLANG_WARN_QUOTED_INCLUDE_IN_FRAMEWORK_HEADER = YES;
				CLANG_WARN_RANGE_LOOP_ANALYSIS = YES;
				CLANG_WARN_STRICT_PROTOTYPES = YES;
				CLANG_WARN_SUSPICIOUS_MOVE = YES;
				CLANG_WARN_UNGUARDED_AVAILABILITY = YES_AGGRESSIVE;
				CLANG_WARN_UNREACHABLE_CODE = YES;
				CLANG_WARN__DUPLICATE_METHOD_MATCH = YES;
				COPY_PHASE_STRIP = NO;
				DEBUG_INFORMATION_FORMAT = dwarf;
				ENABLE_STRICT_OBJC_MSGSEND = YES;
				ENABLE_TESTABILITY = YES;
				GCC_C_LANGUAGE_STANDARD = gnu11;
				GCC_DYNAMIC_NO_PIC = NO;
				GCC_NO_COMMON_BLOCKS = YES;
				GCC_OPTIMIZATION_LEVEL = 0;
				GCC_PREPROCESSOR_DEFINITIONS = (
					"DEBUG=1",
					"$(inherited)",
				);
				GCC_WARN_64_TO_32_BIT_CONVERSION = YES;
				GCC_WARN_ABOUT_RETURN_TYPE = YES_ERROR;
				GCC_WARN_UNDECLARED_SELECTOR = YES;
				GCC_WARN_UNINITIALIZED_AUTOS = YES_AGGRESSIVE;
				GCC_WARN_UNUSED_FUNCTION = YES;
				GCC_WARN_UNUSED_VARIABLE = YES;
				MACOSX_DEPLOYMENT_TARGET = 13.3;
				MTL_ENABLE_DEBUG_INFO = INCLUDE_SOURCE;
				MTL_FAST_MATH = YES;
				ONLY_ACTIVE_ARCH = YES;
				SDKROOT = macosx;
				SWIFT_ACTIVE_COMPILATION_CONDITIONS = DEBUG;
				SWIFT_OPTIMIZATION_LEVEL = "-Onone";
			};
			name = Debug;
		};
		4F81F4552A9998AA00700E7D /* Release */ = {
			isa = XCBuildConfiguration;
			buildSettings = {
				ALWAYS_SEARCH_USER_PATHS = NO;
				CLANG_ANALYZER_NONNULL = YES;
				CLANG_ANALYZER_NUMBER_OBJECT_CONVERSION = YES_AGGRESSIVE;
				CLANG_CXX_LANGUAGE_STANDARD = "gnu++20";
				CLANG_ENABLE_MODULES = YES;
				CLANG_ENABLE_OBJC_ARC = YES;
				CLANG_ENABLE_OBJC_WEAK = YES;
				CLANG_WARN_BLOCK_CAPTURE_AUTORELEASING = YES;
				CLANG_WARN_BOOL_CONVERSION = YES;
				CLANG_WARN_COMMA = YES;
				CLANG_WARN_CONSTANT_CONVERSION = YES;
				CLANG_WARN_DEPRECATED_OBJC_IMPLEMENTATIONS = YES;
				CLANG_WARN_DIRECT_OBJC_ISA_USAGE = YES_ERROR;
				CLANG_WARN_DOCUMENTATION_COMMENTS = YES;
				CLANG_WARN_EMPTY_BODY = YES;
				CLANG_WARN_ENUM_CONVERSION = YES;
				CLANG_WARN_INFINITE_RECURSION = YES;
				CLANG_WARN_INT_CONVERSION = YES;
				CLANG_WARN_NON_LITERAL_NULL_CONVERSION = YES;
				CLANG_WARN_OBJC_IMPLICIT_RETAIN_SELF = YES;
				CLANG_WARN_OBJC_LITERAL_CONVERSION = YES;
				CLANG_WARN_OBJC_ROOT_CLASS = YES_ERROR;
				CLANG_WARN_QUOTED_INCLUDE_IN_FRAMEWORK_HEADER = YES;
				CLANG_WARN_RANGE_LOOP_ANALYSIS = YES;
				CLANG_WARN_STRICT_PROTOTYPES = YES;
				CLANG_WARN_SUSPICIOUS_MOVE = YES;
				CLANG_WARN_UNGUARDED_AVAILABILITY = YES_AGGRESSIVE;
				CLANG_WARN_UNREACHABLE_CODE = YES;
				CLANG_WARN__DUPLICATE_METHOD_MATCH = YES;
				COPY_PHASE_STRIP = NO;
				DEBUG_INFORMATION_FORMAT = "dwarf-with-dsym";
				ENABLE_NS_ASSERTIONS = NO;
				ENABLE_STRICT_OBJC_MSGSEND = YES;
				GCC_C_LANGUAGE_STANDARD = gnu11;
				GCC_NO_COMMON_BLOCKS = YES;
				GCC_WARN_64_TO_32_BIT_CONVERSION = YES;
				GCC_WARN_ABOUT_RETURN_TYPE = YES_ERROR;
				GCC_WARN_UNDECLARED_SELECTOR = YES;
				GCC_WARN_UNINITIALIZED_AUTOS = YES_AGGRESSIVE;
				GCC_WARN_UNUSED_FUNCTION = YES;
				GCC_WARN_UNUSED_VARIABLE = YES;
				MACOSX_DEPLOYMENT_TARGET = 13.3;
				MTL_ENABLE_DEBUG_INFO = NO;
				MTL_FAST_MATH = YES;
				SDKROOT = macosx;
				SWIFT_COMPILATION_MODE = wholemodule;
				SWIFT_OPTIMIZATION_LEVEL = "-O";
			};
			name = Release;
		};
		4F81F4572A9998AA00700E7D /* Debug */ = {
			isa = XCBuildConfiguration;
			buildSettings = {
				ASSETCATALOG_COMPILER_APPICON_NAME = AppIcon;
				ASSETCATALOG_COMPILER_GLOBAL_ACCENT_COLOR_NAME = AccentColor;
				CODE_SIGN_ENTITLEMENTS = YourDock/YourDock.entitlements;
				CODE_SIGN_STYLE = Manual;
				COMBINE_HIDPI_IMAGES = YES;
				CURRENT_PROJECT_VERSION = 1;
				DEVELOPMENT_TEAM = "";
				ENABLE_HARDENED_RUNTIME = YES;
				GENERATE_INFOPLIST_FILE = YES;
				INFOPLIST_FILE = YourDock/Info.plist;
				INFOPLIST_KEY_LSApplicationCategoryType = "public.app-category.utilities";
				INFOPLIST_KEY_NSHumanReadableCopyright = "";
				INFOPLIST_KEY_NSMainStoryboardFile = Main;
				INFOPLIST_KEY_NSPrincipalClass = NSApplication;
				LD_RUNPATH_SEARCH_PATHS = (
					"$(inherited)",
					"@executable_path/../Frameworks",
				);
				MACOSX_DEPLOYMENT_TARGET = 13.0;
				MARKETING_VERSION = 1.0.0;
				PRODUCT_BUNDLE_IDENTIFIER = com.nhiro1109.debug.YourDock;
				PRODUCT_NAME = "$(TARGET_NAME)";
				PROVISIONING_PROFILE_SPECIFIER = "";
				SWIFT_EMIT_LOC_STRINGS = YES;
				SWIFT_VERSION = 5.0;
			};
			name = Debug;
		};
		4F81F4582A9998AA00700E7D /* Release */ = {
			isa = XCBuildConfiguration;
			buildSettings = {
				ASSETCATALOG_COMPILER_APPICON_NAME = AppIcon;
				ASSETCATALOG_COMPILER_GLOBAL_ACCENT_COLOR_NAME = AccentColor;
				CODE_SIGN_ENTITLEMENTS = YourDock/YourDock.entitlements;
				CODE_SIGN_STYLE = Manual;
				COMBINE_HIDPI_IMAGES = YES;
				CURRENT_PROJECT_VERSION = 1;
				DEVELOPMENT_TEAM = "";
				ENABLE_HARDENED_RUNTIME = YES;
				GENERATE_INFOPLIST_FILE = YES;
				INFOPLIST_FILE = YourDock/Info.plist;
				INFOPLIST_KEY_LSApplicationCategoryType = "public.app-category.utilities";
				INFOPLIST_KEY_NSHumanReadableCopyright = "";
				INFOPLIST_KEY_NSMainStoryboardFile = Main;
				INFOPLIST_KEY_NSPrincipalClass = NSApplication;
				LD_RUNPATH_SEARCH_PATHS = (
					"$(inherited)",
					"@executable_path/../Frameworks",
				);
				MACOSX_DEPLOYMENT_TARGET = 13.0;
				MARKETING_VERSION = 1.0.0;
				PRODUCT_BUNDLE_IDENTIFIER = com.nhiro1109.YourDock;
				PRODUCT_NAME = "$(TARGET_NAME)";
				PROVISIONING_PROFILE_SPECIFIER = "";
				SWIFT_EMIT_LOC_STRINGS = YES;
				SWIFT_VERSION = 5.0;
			};
			name = Release;
		};
/* End XCBuildConfiguration section */

/* Begin XCConfigurationList section */
		4F81F4422A9998A900700E7D /* Build configuration list for PBXProject "YourDock" */ = {
			isa = XCConfigurationList;
			buildConfigurations = (
				4F81F4542A9998AA00700E7D /* Debug */,
				4F81F4552A9998AA00700E7D /* Release */,
			);
			defaultConfigurationIsVisible = 0;
			defaultConfigurationName = Release;
		};
		4F81F4562A9998AA00700E7D /* Build configuration list for PBXNativeTarget "YourDock" */ = {
			isa = XCConfigurationList;
			buildConfigurations = (
				4F81F4572A9998AA00700E7D /* Debug */,
				4F81F4582A9998AA00700E7D /* Release */,
			);
			defaultConfigurationIsVisible = 0;
			defaultConfigurationName = Release;
		};
/* End XCConfigurationList section */

/* Begin XCRemoteSwiftPackageReference section */
		4FD126592A9B068200B931EF /* XCRemoteSwiftPackageReference "LaunchAtLogin" */ = {
			isa = XCRemoteSwiftPackageReference;
			repositoryURL = "https://github.com/sindresorhus/LaunchAtLogin";
			requirement = {
				kind = upToNextMajorVersion;
				minimumVersion = 5.0.0;
			};
		};
/* End XCRemoteSwiftPackageReference section */

/* Begin XCSwiftPackageProductDependency section */
		4FD1265A2A9B068200B931EF /* LaunchAtLogin */ = {
			isa = XCSwiftPackageProductDependency;
			package = 4FD126592A9B068200B931EF /* XCRemoteSwiftPackageReference "LaunchAtLogin" */;
			productName = LaunchAtLogin;
		};
/* End XCSwiftPackageProductDependency section */
	};
	rootObject = 4F81F43F2A9998A900700E7D /* Project object */;
}
